
Microsoft Visual Studio Solution File, Format Version 12.00
# Visual Studio Version 16
VisualStudioVersion = 16.0.30717.126
MinimumVisualStudioVersion = 10.0.40219.1
Project("{9A19103F-16F7-4668-BE54-9A1E7A4F7556}") = "ListingSite", "ListingSite\ListingSite.csproj", "{9738A2CA-E656-4621-AABF-56E9ED292363}"
EndProject
Project("{9A19103F-16F7-4668-BE54-9A1E7A4F7556}") = "Listing.Models", "Listing.Models\Listing.Models.csproj", "{40450EA4-A5B1-4E03-AA99-FE435D24F9D7}"
EndProject
Project("{9A19103F-16F7-4668-BE54-9A1E7A4F7556}") = "Listing.Services", "Listing.Services\Listing.Services.csproj", "{1865D8FC-A89C-483B-A14A-A3A8B14E44F2}"
EndProject
Global
	GlobalSection(SolutionConfigurationPlatforms) = preSolution
		Debug|Any CPU = Debug|Any CPU
		Release|Any CPU = Release|Any CPU
	EndGlobalSection
	GlobalSection(ProjectConfigurationPlatforms) = postSolution
		{9738A2CA-E656-4621-AABF-56E9ED292363}.Debug|Any CPU.ActiveCfg = Debug|Any CPU
		{9738A2CA-E656-4621-AABF-56E9ED292363}.Debug|Any CPU.Build.0 = Debug|Any CPU
		{9738A2CA-E656-4621-AABF-56E9ED292363}.Release|Any CPU.ActiveCfg = Release|Any CPU
		{9738A2CA-E656-4621-AABF-56E9ED292363}.Release|Any CPU.Build.0 = Release|Any CPU
		{40450EA4-A5B1-4E03-AA99-FE435D24F9D7}.Debug|Any CPU.ActiveCfg = Debug|Any CPU
		{40450EA4-A5B1-4E03-AA99-FE435D24F9D7}.Debug|Any CPU.Build.0 = Debug|Any CPU
		{40450EA4-A5B1-4E03-AA99-FE435D24F9D7}.Release|Any CPU.ActiveCfg = Release|Any CPU
		{40450EA4-A5B1-4E03-AA99-FE435D24F9D7}.Release|Any CPU.Build.0 = Release|Any CPU
		{1865D8FC-A89C-483B-A14A-A3A8B14E44F2}.Debug|Any CPU.ActiveCfg = Debug|Any CPU
		{1865D8FC-A89C-483B-A14A-A3A8B14E44F2}.Debug|Any CPU.Build.0 = Debug|Any CPU
		{1865D8FC-A89C-483B-A14A-A3A8B14E44F2}.Release|Any CPU.ActiveCfg = Release|Any CPU
		{1865D8FC-A89C-483B-A14A-A3A8B14E44F2}.Release|Any CPU.Build.0 = Release|Any CPU
	EndGlobalSection
	GlobalSection(SolutionProperties) = preSolution
		HideSolutionNode = FALSE
	EndGlobalSection
	GlobalSection(ExtensibilityGlobals) = postSolution
		SolutionGuid = {CB0AA6E0-5103-4092-A2C7-BF2F41F95417}
	EndGlobalSection
EndGlobal
